
Microsoft Visual Studio Solution File, Format Version 12.00
# Visual Studio Version 17
VisualStudioVersion = 17.13.35818.85 d17.13
MinimumVisualStudioVersion = 10.0.40219.1
Project("{FAE04EC0-301F-11D3-BF4B-00C04F79EFBC}") = "tpmodul7_kelompok_7", "tpmodul7_kelompok_7.csproj", "{AC2D500C-60E1-4F84-AF85-F88E18BE45DF}"
EndProject
Global
	GlobalSection(SolutionConfigurationPlatforms) = preSolution
		Debug|Any CPU = Debug|Any CPU
		Release|Any CPU = Release|Any CPU
	EndGlobalSection
	GlobalSection(ProjectConfigurationPlatforms) = postSolution
		{AC2D500C-60E1-4F84-AF85-F88E18BE45DF}.Debug|Any CPU.ActiveCfg = Debug|Any CPU
		{AC2D500C-60E1-4F84-AF85-F88E18BE45DF}.Debug|Any CPU.Build.0 = Debug|Any CPU
		{AC2D500C-60E1-4F84-AF85-F88E18BE45DF}.Release|Any CPU.ActiveCfg = Release|Any CPU
		{AC2D500C-60E1-4F84-AF85-F88E18BE45DF}.Release|Any CPU.Build.0 = Release|Any CPU
	EndGlobalSection
	GlobalSection(SolutionProperties) = preSolution
		HideSolutionNode = FALSE
	EndGlobalSection
	GlobalSection(ExtensibilityGlobals) = postSolution
		SolutionGuid = {C33B8A16-B15F-4027-A483-CE1458CA211D}
	EndGlobalSection
EndGlobal
